// !$*UTF8*$!
{
	archiveVersion = 1;
	classes = {
	};
	objectVersion = 56;
	objects = {

/* Begin PBXBuildFile section */
		1DEA06B52C5F64A100F4C13D /* TabieQmcAppleApp.swift in Sources */ = {isa = PBXBuildFile; fileRef = 1DEA06B42C5F64A100F4C13D /* TabieQmcAppleApp.swift */; };
		1DEA06B72C5F64A100F4C13D /* ContentView.swift in Sources */ = {isa = PBXBuildFile; fileRef = 1DEA06B62C5F64A100F4C13D /* ContentView.swift */; };
		1DEA06B92C5F64A200F4C13D /* Assets.xcassets in Resources */ = {isa = PBXBuildFile; fileRef = 1DEA06B82C5F64A200F4C13D /* Assets.xcassets */; };
		1DEA06BC2C5F64A200F4C13D /* Preview Assets.xcassets in Resources */ = {isa = PBXBuildFile; fileRef = 1DEA06BB2C5F64A200F4C13D /* Preview Assets.xcassets */; };
		1DEA06C92C5F65ED00F4C13D /* TabieQmcTvosApp.swift in Sources */ = {isa = PBXBuildFile; fileRef = 1DEA06C82C5F65ED00F4C13D /* TabieQmcTvosApp.swift */; };
		1DEA06CB2C5F65ED00F4C13D /* ContentView.swift in Sources */ = {isa = PBXBuildFile; fileRef = 1DEA06CA2C5F65ED00F4C13D /* ContentView.swift */; };
		1DEA06CD2C5F65ED00F4C13D /* Assets.xcassets in Resources */ = {isa = PBXBuildFile; fileRef = 1DEA06CC2C5F65ED00F4C13D /* Assets.xcassets */; };
		1DEA06D02C5F65ED00F4C13D /* Preview Assets.xcassets in Resources */ = {isa = PBXBuildFile; fileRef = 1DEA06CF2C5F65ED00F4C13D /* Preview Assets.xcassets */; };
/* End PBXBuildFile section */

/* Begin PBXFileReference section */
		1DEA06B12C5F64A100F4C13D /* TabieQmcApple.app */ = {isa = PBXFileReference; explicitFileType = wrapper.application; includeInIndex = 0; path = TabieQmcApple.app; sourceTree = BUILT_PRODUCTS_DIR; };
		1DEA06B42C5F64A100F4C13D /* TabieQmcAppleApp.swift */ = {isa = PBXFileReference; lastKnownFileType = sourcecode.swift; path = TabieQmcAppleApp.swift; sourceTree = "<group>"; };
		1DEA06B62C5F64A100F4C13D /* ContentView.swift */ = {isa = PBXFileReference; lastKnownFileType = sourcecode.swift; path = ContentView.swift; sourceTree = "<group>"; };
		1DEA06B82C5F64A200F4C13D /* Assets.xcassets */ = {isa = PBXFileReference; lastKnownFileType = folder.assetcatalog; path = Assets.xcassets; sourceTree = "<group>"; };
		1DEA06BB2C5F64A200F4C13D /* Preview Assets.xcassets */ = {isa = PBXFileReference; lastKnownFileType = folder.assetcatalog; path = "Preview Assets.xcassets"; sourceTree = "<group>"; };
		1DEA06C62C5F65ED00F4C13D /* TabieQmcTvos.app */ = {isa = PBXFileReference; explicitFileType = wrapper.application; includeInIndex = 0; path = TabieQmcTvos.app; sourceTree = BUILT_PRODUCTS_DIR; };
		1DEA06C82C5F65ED00F4C13D /* TabieQmcTvosApp.swift */ = {isa = PBXFileReference; lastKnownFileType = sourcecode.swift; path = TabieQmcTvosApp.swift; sourceTree = "<group>"; };
		1DEA06CA2C5F65ED00F4C13D /* ContentView.swift */ = {isa = PBXFileReference; lastKnownFileType = sourcecode.swift; path = ContentView.swift; sourceTree = "<group>"; };
		1DEA06CC2C5F65ED00F4C13D /* Assets.xcassets */ = {isa = PBXFileReference; lastKnownFileType = folder.assetcatalog; path = Assets.xcassets; sourceTree = "<group>"; };
		1DEA06CF2C5F65ED00F4C13D /* Preview Assets.xcassets */ = {isa = PBXFileReference; lastKnownFileType = folder.assetcatalog; path = "Preview Assets.xcassets"; sourceTree = "<group>"; };
/* End PBXFileReference section */

/* Begin PBXFrameworksBuildPhase section */
		1DEA06AE2C5F64A100F4C13D /* Frameworks */ = {
			isa = PBXFrameworksBuildPhase;
			buildActionMask = 2147483647;
			files = (
			);
			runOnlyForDeploymentPostprocessing = 0;
		};
		1DEA06C32C5F65ED00F4C13D /* Frameworks */ = {
			isa = PBXFrameworksBuildPhase;
			buildActionMask = 2147483647;
			files = (
			);
			runOnlyForDeploymentPostprocessing = 0;
		};
/* End PBXFrameworksBuildPhase section */

/* Begin PBXGroup section */
		1DEA06A82C5F64A100F4C13D = {
			isa = PBXGroup;
			children = (
				1DEA06B32C5F64A100F4C13D /* TabieQmcApple */,
				1DEA06C72C5F65ED00F4C13D /* TabieQmcTvos */,
				1DEA06B22C5F64A100F4C13D /* Products */,
			);
			sourceTree = "<group>";
		};
		1DEA06B22C5F64A100F4C13D /* Products */ = {
			isa = PBXGroup;
			children = (
				1DEA06B12C5F64A100F4C13D /* TabieQmcApple.app */,
				1DEA06C62C5F65ED00F4C13D /* TabieQmcTvos.app */,
			);
			name = Products;
			sourceTree = "<group>";
		};
		1DEA06B32C5F64A100F4C13D /* TabieQmcApple */ = {
			isa = PBXGroup;
			children = (
				1DEA06B42C5F64A100F4C13D /* TabieQmcAppleApp.swift */,
				1DEA06B62C5F64A100F4C13D /* ContentView.swift */,
				1DEA06B82C5F64A200F4C13D /* Assets.xcassets */,
				1DEA06BA2C5F64A200F4C13D /* Preview Content */,
			);
			path = TabieQmcApple;
			sourceTree = "<group>";
		};
		1DEA06BA2C5F64A200F4C13D /* Preview Content */ = {
			isa = PBXGroup;
			children = (
				1DEA06BB2C5F64A200F4C13D /* Preview Assets.xcassets */,
			);
			path = "Preview Content";
			sourceTree = "<group>";
		};
		1DEA06C72C5F65ED00F4C13D /* TabieQmcTvos */ = {
			isa = PBXGroup;
			children = (
				1DEA06D72C5F66AD00F4C13D /* Services */,
				1DEA06D42C5F666100F4C13D /* Models */,
				1DEA06D52C5F666F00F4C13D /* Views */,
				1DEA06D62C5F667B00F4C13D /* Controls */,
				1DEA06C82C5F65ED00F4C13D /* TabieQmcTvosApp.swift */,
				1DEA06CA2C5F65ED00F4C13D /* ContentView.swift */,
				1DEA06CC2C5F65ED00F4C13D /* Assets.xcassets */,
				1DEA06CE2C5F65ED00F4C13D /* Preview Content */,
			);
			path = TabieQmcTvos;
			sourceTree = "<group>";
		};
		1DEA06CE2C5F65ED00F4C13D /* Preview Content */ = {
			isa = PBXGroup;
			children = (
				1DEA06CF2C5F65ED00F4C13D /* Preview Assets.xcassets */,
			);
			path = "Preview Content";
			sourceTree = "<group>";
		};
		1DEA06D42C5F666100F4C13D /* Models */ = {
			isa = PBXGroup;
			children = (
			);
			path = Models;
			sourceTree = "<group>";
		};
		1DEA06D52C5F666F00F4C13D /* Views */ = {
			isa = PBXGroup;
			children = (
			);
			path = Views;
			sourceTree = "<group>";
		};
		1DEA06D62C5F667B00F4C13D /* Controls */ = {
			isa = PBXGroup;
			children = (
			);
			path = Controls;
			sourceTree = "<group>";
		};
		1DEA06D72C5F66AD00F4C13D /* Services */ = {
			isa = PBXGroup;
			children = (
			);
			path = Services;
			sourceTree = "<group>";
		};
/* End PBXGroup section */

/* Begin PBXNativeTarget section */
		1DEA06B02C5F64A100F4C13D /* TabieQmcApple */ = {
			isa = PBXNativeTarget;
			buildConfigurationList = 1DEA06BF2C5F64A200F4C13D /* Build configuration list for PBXNativeTarget "TabieQmcApple" */;
			buildPhases = (
				1DEA06AD2C5F64A100F4C13D /* Sources */,
				1DEA06AE2C5F64A100F4C13D /* Frameworks */,
				1DEA06AF2C5F64A100F4C13D /* Resources */,
			);
			buildRules = (
			);
			dependencies = (
			);
			name = TabieQmcApple;
			productName = TabieQmcApple;
			productReference = 1DEA06B12C5F64A100F4C13D /* TabieQmcApple.app */;
			productType = "com.apple.product-type.application";
		};
		1DEA06C52C5F65ED00F4C13D /* TabieQmcTvos */ = {
			isa = PBXNativeTarget;
			buildConfigurationList = 1DEA06D12C5F65ED00F4C13D /* Build configuration list for PBXNativeTarget "TabieQmcTvos" */;
			buildPhases = (
				1DEA06C22C5F65ED00F4C13D /* Sources */,
				1DEA06C32C5F65ED00F4C13D /* Frameworks */,
				1DEA06C42C5F65ED00F4C13D /* Resources */,
			);
			buildRules = (
			);
			dependencies = (
			);
			name = TabieQmcTvos;
			productName = TabieQmcTvos;
			productReference = 1DEA06C62C5F65ED00F4C13D /* TabieQmcTvos.app */;
			productType = "com.apple.product-type.application";
		};
/* End PBXNativeTarget section */

/* Begin PBXProject section */
		1DEA06A92C5F64A100F4C13D /* Project object */ = {
			isa = PBXProject;
			attributes = {
				BuildIndependentTargetsInParallel = 1;
				LastSwiftUpdateCheck = 1540;
				LastUpgradeCheck = 1540;
				TargetAttributes = {
					1DEA06B02C5F64A100F4C13D = {
						CreatedOnToolsVersion = 15.4;
					};
					1DEA06C52C5F65ED00F4C13D = {
						CreatedOnToolsVersion = 15.4;
					};
				};
			};
			buildConfigurationList = 1DEA06AC2C5F64A100F4C13D /* Build configuration list for PBXProject "TabieQmcApple" */;
			compatibilityVersion = "Xcode 14.0";
			developmentRegion = en;
			hasScannedForEncodings = 0;
			knownRegions = (
				en,
				Base,
			);
			mainGroup = 1DEA06A82C5F64A100F4C13D;
			productRefGroup = 1DEA06B22C5F64A100F4C13D /* Products */;
			projectDirPath = "";
			projectRoot = "";
			targets = (
				1DEA06B02C5F64A100F4C13D /* TabieQmcApple */,
				1DEA06C52C5F65ED00F4C13D /* TabieQmcTvos */,
			);
		};
/* End PBXProject section */

/* Begin PBXResourcesBuildPhase section */
		1DEA06AF2C5F64A100F4C13D /* Resources */ = {
			isa = PBXResourcesBuildPhase;
			buildActionMask = 2147483647;
			files = (
				1DEA06BC2C5F64A200F4C13D /* Preview Assets.xcassets in Resources */,
				1DEA06B92C5F64A200F4C13D /* Assets.xcassets in Resources */,
			);
			runOnlyForDeploymentPostprocessing = 0;
		};
		1DEA06C42C5F65ED00F4C13D /* Resources */ = {
			isa = PBXResourcesBuildPhase;
			buildActionMask = 2147483647;
			files = (
				1DEA06D02C5F65ED00F4C13D /* Preview Assets.xcassets in Resources */,
				1DEA06CD2C5F65ED00F4C13D /* Assets.xcassets in Resources */,
			);
			runOnlyForDeploymentPostprocessing = 0;
		};
/* End PBXResourcesBuildPhase section */

/* Begin PBXSourcesBuildPhase section */
		1DEA06AD2C5F64A100F4C13D /* Sources */ = {
			isa = PBXSourcesBuildPhase;
			buildActionMask = 2147483647;
			files = (
				1DEA06B72C5F64A100F4C13D /* ContentView.swift in Sources */,
				1DEA06B52C5F64A100F4C13D /* TabieQmcAppleApp.swift in Sources */,
			);
			runOnlyForDeploymentPostprocessing = 0;
		};
		1DEA06C22C5F65ED00F4C13D /* Sources */ = {
			isa = PBXSourcesBuildPhase;
			buildActionMask = 2147483647;
			files = (
				1DEA06CB2C5F65ED00F4C13D /* ContentView.swift in Sources */,
				1DEA06C92C5F65ED00F4C13D /* TabieQmcTvosApp.swift in Sources */,
			);
			runOnlyForDeploymentPostprocessing = 0;
		};
/* End PBXSourcesBuildPhase section */

/* Begin XCBuildConfiguration section */
		1DEA06BD2C5F64A200F4C13D /* Debug */ = {
			isa = XCBuildConfiguration;
			buildSettings = {
				ALWAYS_SEARCH_USER_PATHS = NO;
				ASSETCATALOG_COMPILER_GENERATE_SWIFT_ASSET_SYMBOL_EXTENSIONS = YES;
				CLANG_ANALYZER_NONNULL = YES;
				CLANG_ANALYZER_NUMBER_OBJECT_CONVERSION = YES_AGGRESSIVE;
				CLANG_CXX_LANGUAGE_STANDARD = "gnu++20";
				CLANG_ENABLE_MODULES = YES;
				CLANG_ENABLE_OBJC_ARC = YES;
				CLANG_ENABLE_OBJC_WEAK = YES;
				CLANG_WARN_BLOCK_CAPTURE_AUTORELEASING = YES;
				CLANG_WARN_BOOL_CONVERSION = YES;
				CLANG_WARN_COMMA = YES;
				CLANG_WARN_CONSTANT_CONVERSION = YES;
				CLANG_WARN_DEPRECATED_OBJC_IMPLEMENTATIONS = YES;
				CLANG_WARN_DIRECT_OBJC_ISA_USAGE = YES_ERROR;
				CLANG_WARN_DOCUMENTATION_COMMENTS = YES;
				CLANG_WARN_EMPTY_BODY = YES;
				CLANG_WARN_ENUM_CONVERSION = YES;
				CLANG_WARN_INFINITE_RECURSION = YES;
				CLANG_WARN_INT_CONVERSION = YES;
				CLANG_WARN_NON_LITERAL_NULL_CONVERSION = YES;
				CLANG_WARN_OBJC_IMPLICIT_RETAIN_SELF = YES;
				CLANG_WARN_OBJC_LITERAL_CONVERSION = YES;
				CLANG_WARN_OBJC_ROOT_CLASS = YES_ERROR;
				CLANG_WARN_QUOTED_INCLUDE_IN_FRAMEWORK_HEADER = YES;
				CLANG_WARN_RANGE_LOOP_ANALYSIS = YES;
				CLANG_WARN_STRICT_PROTOTYPES = YES;
				CLANG_WARN_SUSPICIOUS_MOVE = YES;
				CLANG_WARN_UNGUARDED_AVAILABILITY = YES_AGGRESSIVE;
				CLANG_WARN_UNREACHABLE_CODE = YES;
				CLANG_WARN__DUPLICATE_METHOD_MATCH = YES;
				COPY_PHASE_STRIP = NO;
				DEBUG_INFORMATION_FORMAT = dwarf;
				ENABLE_STRICT_OBJC_MSGSEND = YES;
				ENABLE_TESTABILITY = YES;
				ENABLE_USER_SCRIPT_SANDBOXING = YES;
				GCC_C_LANGUAGE_STANDARD = gnu17;
				GCC_DYNAMIC_NO_PIC = NO;
				GCC_NO_COMMON_BLOCKS = YES;
				GCC_OPTIMIZATION_LEVEL = 0;
				GCC_PREPROCESSOR_DEFINITIONS = (
					"DEBUG=1",
					"$(inherited)",
				);
				GCC_WARN_64_TO_32_BIT_CONVERSION = YES;
				GCC_WARN_ABOUT_RETURN_TYPE = YES_ERROR;
				GCC_WARN_UNDECLARED_SELECTOR = YES;
				GCC_WARN_UNINITIALIZED_AUTOS = YES_AGGRESSIVE;
				GCC_WARN_UNUSED_FUNCTION = YES;
				GCC_WARN_UNUSED_VARIABLE = YES;
				LOCALIZATION_PREFERS_STRING_CATALOGS = YES;
				MTL_ENABLE_DEBUG_INFO = INCLUDE_SOURCE;
				MTL_FAST_MATH = YES;
				ONLY_ACTIVE_ARCH = YES;
				SDKROOT = appletvos;
				SWIFT_ACTIVE_COMPILATION_CONDITIONS = "DEBUG $(inherited)";
				SWIFT_OPTIMIZATION_LEVEL = "-Onone";
				TVOS_DEPLOYMENT_TARGET = 17.5;
			};
			name = Debug;
		};
		1DEA06BE2C5F64A200F4C13D /* Release */ = {
			isa = XCBuildConfiguration;
			buildSettings = {
				ALWAYS_SEARCH_USER_PATHS = NO;
				ASSETCATALOG_COMPILER_GENERATE_SWIFT_ASSET_SYMBOL_EXTENSIONS = YES;
				CLANG_ANALYZER_NONNULL = YES;
				CLANG_ANALYZER_NUMBER_OBJECT_CONVERSION = YES_AGGRESSIVE;
				CLANG_CXX_LANGUAGE_STANDARD = "gnu++20";
				CLANG_ENABLE_MODULES = YES;
				CLANG_ENABLE_OBJC_ARC = YES;
				CLANG_ENABLE_OBJC_WEAK = YES;
				CLANG_WARN_BLOCK_CAPTURE_AUTORELEASING = YES;
				CLANG_WARN_BOOL_CONVERSION = YES;
				CLANG_WARN_COMMA = YES;
				CLANG_WARN_CONSTANT_CONVERSION = YES;
				CLANG_WARN_DEPRECATED_OBJC_IMPLEMENTATIONS = YES;
				CLANG_WARN_DIRECT_OBJC_ISA_USAGE = YES_ERROR;
				CLANG_WARN_DOCUMENTATION_COMMENTS = YES;
				CLANG_WARN_EMPTY_BODY = YES;
				CLANG_WARN_ENUM_CONVERSION = YES;
				CLANG_WARN_INFINITE_RECURSION = YES;
				CLANG_WARN_INT_CONVERSION = YES;
				CLANG_WARN_NON_LITERAL_NULL_CONVERSION = YES;
				CLANG_WARN_OBJC_IMPLICIT_RETAIN_SELF = YES;
				CLANG_WARN_OBJC_LITERAL_CONVERSION = YES;
				CLANG_WARN_OBJC_ROOT_CLASS = YES_ERROR;
				CLANG_WARN_QUOTED_INCLUDE_IN_FRAMEWORK_HEADER = YES;
				CLANG_WARN_RANGE_LOOP_ANALYSIS = YES;
				CLANG_WARN_STRICT_PROTOTYPES = YES;
				CLANG_WARN_SUSPICIOUS_MOVE = YES;
				CLANG_WARN_UNGUARDED_AVAILABILITY = YES_AGGRESSIVE;
				CLANG_WARN_UNREACHABLE_CODE = YES;
				CLANG_WARN__DUPLICATE_METHOD_MATCH = YES;
				COPY_PHASE_STRIP = NO;
				DEBUG_INFORMATION_FORMAT = "dwarf-with-dsym";
				ENABLE_NS_ASSERTIONS = NO;
				ENABLE_STRICT_OBJC_MSGSEND = YES;
				ENABLE_USER_SCRIPT_SANDBOXING = YES;
				GCC_C_LANGUAGE_STANDARD = gnu17;
				GCC_NO_COMMON_BLOCKS = YES;
				GCC_WARN_64_TO_32_BIT_CONVERSION = YES;
				GCC_WARN_ABOUT_RETURN_TYPE = YES_ERROR;
				GCC_WARN_UNDECLARED_SELECTOR = YES;
				GCC_WARN_UNINITIALIZED_AUTOS = YES_AGGRESSIVE;
				GCC_WARN_UNUSED_FUNCTION = YES;
				GCC_WARN_UNUSED_VARIABLE = YES;
				LOCALIZATION_PREFERS_STRING_CATALOGS = YES;
				MTL_ENABLE_DEBUG_INFO = NO;
				MTL_FAST_MATH = YES;
				SDKROOT = appletvos;
				SWIFT_COMPILATION_MODE = wholemodule;
				TVOS_DEPLOYMENT_TARGET = 17.5;
				VALIDATE_PRODUCT = YES;
			};
			name = Release;
		};
		1DEA06C02C5F64A200F4C13D /* Debug */ = {
			isa = XCBuildConfiguration;
			buildSettings = {
				ASSETCATALOG_COMPILER_APPICON_NAME = "App Icon & Top Shelf Image";
				ASSETCATALOG_COMPILER_GLOBAL_ACCENT_COLOR_NAME = AccentColor;
				CODE_SIGN_STYLE = Automatic;
				CURRENT_PROJECT_VERSION = 1;
				DEVELOPMENT_ASSET_PATHS = "\"TabieQmcApple/Preview Content\"";
				DEVELOPMENT_TEAM = H8V78YFFQ7;
				ENABLE_PREVIEWS = YES;
				GENERATE_INFOPLIST_FILE = YES;
				INFOPLIST_KEY_UILaunchScreen_Generation = YES;
				INFOPLIST_KEY_UIUserInterfaceStyle = Automatic;
				IPHONEOS_DEPLOYMENT_TARGET = 15.0;
				LD_RUNPATH_SEARCH_PATHS = (
					"$(inherited)",
					"@executable_path/Frameworks",
				);
				MARKETING_VERSION = 1.0;
				PRODUCT_BUNDLE_IDENTIFIER = "qa.qmc.tabie-apple.TabieQmcApple";
				PRODUCT_NAME = "$(TARGET_NAME)";
				SUPPORTED_PLATFORMS = "appletvos appletvsimulator iphoneos iphonesimulator xros xrsimulator";
				SUPPORTS_MACCATALYST = NO;
				SWIFT_EMIT_LOC_STRINGS = YES;
				SWIFT_VERSION = 5.0;
				TARGETED_DEVICE_FAMILY = "2,3,7";
				TVOS_DEPLOYMENT_TARGET = 17.0;
				XROS_DEPLOYMENT_TARGET = 1.0;
			};
			name = Debug;
		};
		1DEA06C12C5F64A200F4C13D /* Release */ = {
			isa = XCBuildConfiguration;
			buildSettings = {
				ASSETCATALOG_COMPILER_APPICON_NAME = "App Icon & Top Shelf Image";
				ASSETCATALOG_COMPILER_GLOBAL_ACCENT_COLOR_NAME = AccentColor;
				CODE_SIGN_STYLE = Automatic;
				CURRENT_PROJECT_VERSION = 1;
				DEVELOPMENT_ASSET_PATHS = "\"TabieQmcApple/Preview Content\"";
				DEVELOPMENT_TEAM = H8V78YFFQ7;
				ENABLE_PREVIEWS = YES;
				GENERATE_INFOPLIST_FILE = YES;
				INFOPLIST_KEY_UILaunchScreen_Generation = YES;
				INFOPLIST_KEY_UIUserInterfaceStyle = Automatic;
				IPHONEOS_DEPLOYMENT_TARGET = 15.0;
				LD_RUNPATH_SEARCH_PATHS = (
					"$(inherited)",
					"@executable_path/Frameworks",
				);
				MARKETING_VERSION = 1.0;
				PRODUCT_BUNDLE_IDENTIFIER = "qa.qmc.tabie-apple.TabieQmcApple";
				PRODUCT_NAME = "$(TARGET_NAME)";
				SUPPORTED_PLATFORMS = "appletvos appletvsimulator iphoneos iphonesimulator xros xrsimulator";
				SUPPORTS_MACCATALYST = NO;
				SWIFT_EMIT_LOC_STRINGS = YES;
				SWIFT_VERSION = 5.0;
				TARGETED_DEVICE_FAMILY = "2,3,7";
				TVOS_DEPLOYMENT_TARGET = 17.0;
				XROS_DEPLOYMENT_TARGET = 1.0;
			};
			name = Release;
		};
		1DEA06D22C5F65ED00F4C13D /* Debug */ = {
			isa = XCBuildConfiguration;
			buildSettings = {
				ASSETCATALOG_COMPILER_APPICON_NAME = "App Icon & Top Shelf Image";
				ASSETCATALOG_COMPILER_GLOBAL_ACCENT_COLOR_NAME = AccentColor;
				CODE_SIGN_STYLE = Automatic;
				CURRENT_PROJECT_VERSION = 1;
				DEVELOPMENT_ASSET_PATHS = "\"TabieQmcTvos/Preview Content\"";
				DEVELOPMENT_TEAM = H8V78YFFQ7;
				ENABLE_PREVIEWS = YES;
				GENERATE_INFOPLIST_FILE = YES;
				INFOPLIST_KEY_UILaunchScreen_Generation = YES;
				INFOPLIST_KEY_UIUserInterfaceStyle = Automatic;
				LD_RUNPATH_SEARCH_PATHS = (
					"$(inherited)",
					"@executable_path/Frameworks",
				);
				MARKETING_VERSION = 1.0;
				PRODUCT_BUNDLE_IDENTIFIER = "qa.qmc.tabie-apple.TabieQmcTvos";
				PRODUCT_NAME = "$(TARGET_NAME)";
				SWIFT_EMIT_LOC_STRINGS = YES;
				SWIFT_VERSION = 5.0;
				TARGETED_DEVICE_FAMILY = 3;
				TVOS_DEPLOYMENT_TARGET = 17.0;
			};
			name = Debug;
		};
		1DEA06D32C5F65ED00F4C13D /* Release */ = {
			isa = XCBuildConfiguration;
			buildSettings = {
				ASSETCATALOG_COMPILER_APPICON_NAME = "App Icon & Top Shelf Image";
				ASSETCATALOG_COMPILER_GLOBAL_ACCENT_COLOR_NAME = AccentColor;
				CODE_SIGN_STYLE = Automatic;
				CURRENT_PROJECT_VERSION = 1;
				DEVELOPMENT_ASSET_PATHS = "\"TabieQmcTvos/Preview Content\"";
				DEVELOPMENT_TEAM = H8V78YFFQ7;
				ENABLE_PREVIEWS = YES;
				GENERATE_INFOPLIST_FILE = YES;
				INFOPLIST_KEY_UILaunchScreen_Generation = YES;
				INFOPLIST_KEY_UIUserInterfaceStyle = Automatic;
				LD_RUNPATH_SEARCH_PATHS = (
					"$(inherited)",
					"@executable_path/Frameworks",
				);
				MARKETING_VERSION = 1.0;
				PRODUCT_BUNDLE_IDENTIFIER = "qa.qmc.tabie-apple.TabieQmcTvos";
				PRODUCT_NAME = "$(TARGET_NAME)";
				SWIFT_EMIT_LOC_STRINGS = YES;
				SWIFT_VERSION = 5.0;
				TARGETED_DEVICE_FAMILY = 3;
				TVOS_DEPLOYMENT_TARGET = 17.0;
			};
			name = Release;
		};
/* End XCBuildConfiguration section */

/* Begin XCConfigurationList section */
		1DEA06AC2C5F64A100F4C13D /* Build configuration list for PBXProject "TabieQmcApple" */ = {
			isa = XCConfigurationList;
			buildConfigurations = (
				1DEA06BD2C5F64A200F4C13D /* Debug */,
				1DEA06BE2C5F64A200F4C13D /* Release */,
			);
			defaultConfigurationIsVisible = 0;
			defaultConfigurationName = Release;
		};
		1DEA06BF2C5F64A200F4C13D /* Build configuration list for PBXNativeTarget "TabieQmcApple" */ = {
			isa = XCConfigurationList;
			buildConfigurations = (
				1DEA06C02C5F64A200F4C13D /* Debug */,
				1DEA06C12C5F64A200F4C13D /* Release */,
			);
			defaultConfigurationIsVisible = 0;
			defaultConfigurationName = Release;
		};
		1DEA06D12C5F65ED00F4C13D /* Build configuration list for PBXNativeTarget "TabieQmcTvos" */ = {
			isa = XCConfigurationList;
			buildConfigurations = (
				1DEA06D22C5F65ED00F4C13D /* Debug */,
				1DEA06D32C5F65ED00F4C13D /* Release */,
			);
			defaultConfigurationIsVisible = 0;
			defaultConfigurationName = Release;
		};
/* End XCConfigurationList section */
	};
	rootObject = 1DEA06A92C5F64A100F4C13D /* Project object */;
}
